
Microsoft Visual Studio Solution File, Format Version 12.00
# Visual Studio Version 16
VisualStudioVersion = 16.0.28407.52
MinimumVisualStudioVersion = 10.0.40219.1
Project("{9A19103F-16F7-4668-BE54-9A1E7A4F7556}") = "NetCore.Web", "NetCore.Web\NetCore.Web.csproj", "{780BE1FE-A46D-4323-8715-13C962BE3FD2}"
EndProject
Project("{FAE04EC0-301F-11D3-BF4B-00C04F79EFBC}") = "NetCore.Service", "NetCore.Service\NetCore.Service.csproj", "{98F58DC9-0024-46B4-AAAA-5BD843C12B02}"
EndProject
Global
	GlobalSection(SolutionConfigurationPlatforms) = preSolution
		Debug|Any CPU = Debug|Any CPU
		Release|Any CPU = Release|Any CPU
	EndGlobalSection
	GlobalSection(ProjectConfigurationPlatforms) = postSolution
		{780BE1FE-A46D-4323-8715-13C962BE3FD2}.Debug|Any CPU.ActiveCfg = Debug|Any CPU
		{780BE1FE-A46D-4323-8715-13C962BE3FD2}.Debug|Any CPU.Build.0 = Debug|Any CPU
		{780BE1FE-A46D-4323-8715-13C962BE3FD2}.Release|Any CPU.ActiveCfg = Release|Any CPU
		{780BE1FE-A46D-4323-8715-13C962BE3FD2}.Release|Any CPU.Build.0 = Release|Any CPU
		{2FF0987D-C66A-4A81-96EA-339DE8CF2651}.Debug|Any CPU.ActiveCfg = Debug|Any CPU
		{2FF0987D-C66A-4A81-96EA-339DE8CF2651}.Debug|Any CPU.Build.0 = Debug|Any CPU
		{2FF0987D-C66A-4A81-96EA-339DE8CF2651}.Release|Any CPU.ActiveCfg = Release|Any CPU
		{2FF0987D-C66A-4A81-96EA-339DE8CF2651}.Release|Any CPU.Build.0 = Release|Any CPU
		{98F58DC9-0024-46B4-AAAA-5BD843C12B02}.Debug|Any CPU.ActiveCfg = Debug|Any CPU
		{98F58DC9-0024-46B4-AAAA-5BD843C12B02}.Debug|Any CPU.Build.0 = Debug|Any CPU
		{98F58DC9-0024-46B4-AAAA-5BD843C12B02}.Release|Any CPU.ActiveCfg = Release|Any CPU
		{98F58DC9-0024-46B4-AAAA-5BD843C12B02}.Release|Any CPU.Build.0 = Release|Any CPU
	EndGlobalSection
	GlobalSection(SolutionProperties) = preSolution
		HideSolutionNode = FALSE
	EndGlobalSection
	GlobalSection(ExtensibilityGlobals) = postSolution
		SolutionGuid = {99961E72-ECAD-45AD-B8EC-8DBF98D1AEE4}
	EndGlobalSection
EndGlobal
